
Microsoft Visual Studio Solution File, Format Version 12.00
# Visual Studio Version 17
VisualStudioVersion = 17.9.34607.119
MinimumVisualStudioVersion = 10.0.40219.1
Project("{FAE04EC0-301F-11D3-BF4B-00C04F79EFBC}") = "Final_TCP_UDP_Server", "Final_TCP_UDP_Server\Final_TCP_UDP_Server.csproj", "{7D155391-8AC1-465B-9792-5146A7CAB065}"
EndProject
Global
	GlobalSection(SolutionConfigurationPlatforms) = preSolution
		Debug|Any CPU = Debug|Any CPU
		Release|Any CPU = Release|Any CPU
	EndGlobalSection
	GlobalSection(ProjectConfigurationPlatforms) = postSolution
		{7D155391-8AC1-465B-9792-5146A7CAB065}.Debug|Any CPU.ActiveCfg = Debug|Any CPU
		{7D155391-8AC1-465B-9792-5146A7CAB065}.Debug|Any CPU.Build.0 = Debug|Any CPU
		{7D155391-8AC1-465B-9792-5146A7CAB065}.Release|Any CPU.ActiveCfg = Release|Any CPU
		{7D155391-8AC1-465B-9792-5146A7CAB065}.Release|Any CPU.Build.0 = Release|Any CPU
	EndGlobalSection
	GlobalSection(SolutionProperties) = preSolution
		HideSolutionNode = FALSE
	EndGlobalSection
	GlobalSection(ExtensibilityGlobals) = postSolution
		SolutionGuid = {6F66391D-B4B6-4B97-ADFA-4A9F63953A70}
	EndGlobalSection
EndGlobal
